<?xml version="1.0" encoding="utf-8"?>
<Project ToolsVersion="4.0" xmlns="http://schemas.microsoft.com/developer/msbuild/2003">
  <ItemGroup>
    <Filter Include="Source Files">
      <UniqueIdentifier>{4FC737F1-C7A5-4376-A066-2A32D752A2FF}</UniqueIdentifier>
      <Extensions>cpp;c;cc;cxx;c++;cppm;ixx;def;odl;idl;hpj;bat;asm;asmx</Extensions>
    </Filter>
    <Filter Include="Header Files">
      <UniqueIdentifier>{93995380-89BD-4b04-88EB-625FBE52EBFB}</UniqueIdentifier>
      <Extensions>h;hh;hpp;hxx;h++;hm;inl;inc;ipp;xsd</Extensions>
    </Filter>
    <Filter Include="Resource Files">
      <UniqueIdentifier>{67DA6AB6-F800-4c08-8B7A-83BB121AAD01}</UniqueIdentifier>
      <Extensions>rc;ico;cur;bmp;dlg;rc2;rct;bin;rgs;gif;jpg;jpeg;jpe;resx;tiff;tif;png;wav;mfcribbon-ms</Extensions>
    </Filter>
    <Filter Include="Lost">
      <UniqueIdentifier>{14444b78-71f5-4bab-b3a1-bd3a3eee8ce8}</UniqueIdentifier>
    </Filter>
  </ItemGroup>
  <ItemGroup>
    <ClCompile Include="Lost\Log.cpp">
      <Filter>Lost</Filter>
    </ClCompile>
    <ClCompile Include="OpenGLEngine.cpp">
      <Filter>Lost</Filter>
    </ClCompile>
    <ClCompile Include="Lost\GL\Shaders\Shader.cpp">
      <Filter>Lost</Filter>
    </ClCompile>
    <ClCompile Include="Lost\GL\LostGL.cpp">
      <Filter>Source Files</Filter>
    </ClCompile>
    <ClCompile Include="Lost\lost.cpp">
      <Filter>Source Files</Filter>
    </ClCompile>
    <ClCompile Include="Lost\GL\Texture\Texture.cpp">
      <Filter>Source Files</Filter>
    </ClCompile>
    <ClCompile Include="Lost\GL\Renderer.cpp">
      <Filter>Source Files</Filter>
    </ClCompile>
    <ClCompile Include="Lost\State.cpp">
      <Filter>Source Files</Filter>
    </ClCompile>
    <ClCompile Include="Lost\GL\Texture\Material.cpp">
      <Filter>Source Files</Filter>
    </ClCompile>
    <ClCompile Include="Lost\GL\RenderPass.cpp">
      <Filter>Source Files</Filter>
    </ClCompile>
    <ClCompile Include="Lost\GL\ResourceManagers\GLResourceManagers.cpp">
      <Filter>Source Files</Filter>
    </ClCompile>
    <ClCompile Include="Lost\GL\Camera.cpp">
      <Filter>Source Files</Filter>
    </ClCompile>
    <ClCompile Include="Lost\DeltaTime.cpp">
      <Filter>Source Files</Filter>
    </ClCompile>
    <ClCompile Include="Lost\GL\Text\Text.cpp">
      <Filter>Source Files</Filter>
    </ClCompile>
    <ClCompile Include="Lost\lostImGui.cpp">
      <Filter>Source Files</Filter>
    </ClCompile>
    <ClCompile Include="Lost\imgui\imgui.cpp">
      <Filter>Source Files</Filter>
    </ClCompile>
    <ClCompile Include="Lost\imgui\imgui_demo.cpp">
      <Filter>Source Files</Filter>
    </ClCompile>
    <ClCompile Include="Lost\imgui\imgui_draw.cpp">
      <Filter>Source Files</Filter>
    </ClCompile>
    <ClCompile Include="Lost\imgui\imgui_impl_glfw.cpp">
      <Filter>Source Files</Filter>
    </ClCompile>
    <ClCompile Include="Lost\imgui\imgui_impl_opengl3.cpp">
      <Filter>Source Files</Filter>
    </ClCompile>
    <ClCompile Include="Lost\imgui\imgui_tables.cpp">
      <Filter>Source Files</Filter>
    </ClCompile>
    <ClCompile Include="Lost\imgui\imgui_widgets.cpp">
      <Filter>Source Files</Filter>
    </ClCompile>
    <ClCompile Include="Lost\Input\Input.cpp">
      <Filter>Source Files</Filter>
    </ClCompile>
    <ClCompile Include="Lost\GL\Shaders\PostProcessingShader.cpp">
      <Filter>Source Files</Filter>
    </ClCompile>
    <ClCompile Include="Lost\Audio\Audio.cpp">
      <Filter>Source Files</Filter>
    </ClCompile>
    <ClCompile Include="Lost\Audio\Effects.cpp">
      <Filter>Source Files</Filter>
    </ClCompile>
    <ClCompile Include="Lost\Audio\External\RtAudio.cpp">
      <Filter>Source Files</Filter>
    </ClCompile>
    <ClCompile Include="Lost\Audio\ResourceManagers\AudioResourceManagers.cpp">
      <Filter>Source Files</Filter>
    </ClCompile>
    <ClCompile Include="Lost\Audio\Sounds.cpp">
      <Filter>Source Files</Filter>
    </ClCompile>
  </ItemGroup>
  <ItemGroup>
    <ClInclude Include="Lost\FileIO.h">
      <Filter>Lost</Filter>
    </ClInclude>
    <ClInclude Include="Lost\Log.h">
      <Filter>Lost</Filter>
    </ClInclude>
    <ClInclude Include="Lost\lost.h">
      <Filter>Lost</Filter>
    </ClInclude>
    <ClInclude Include="Lost\GL\LostGL.h">
      <Filter>Lost</Filter>
    </ClInclude>
    <ClInclude Include="Lost\GL\Shaders\Shader.h">
      <Filter>Lost</Filter>
    </ClInclude>
    <ClInclude Include="Lost\GL\WindowContext.h">
      <Filter>Header Files</Filter>
    </ClInclude>
    <ClInclude Include="Lost\GL\Structs.h">
      <Filter>Header Files</Filter>
    </ClInclude>
    <ClInclude Include="Lost\GL\Mesh\Mesh.h">
      <Filter>Header Files</Filter>
    </ClInclude>
    <ClInclude Include="Lost\GL\STB\stb_image.h">
      <Filter>Header Files</Filter>
    </ClInclude>
    <ClInclude Include="Lost\GL\Texture\Texture.h">
      <Filter>Header Files</Filter>
    </ClInclude>
    <ClInclude Include="Lost\GL\Vector.h">
      <Filter>Header Files</Filter>
    </ClInclude>
    <ClInclude Include="Lost\GL\Renderer.h">
      <Filter>Header Files</Filter>
    </ClInclude>
    <ClInclude Include="Lost\State.h">
      <Filter>Header Files</Filter>
    </ClInclude>
    <ClInclude Include="Lost\GL\RenderPass.h">
      <Filter>Header Files</Filter>
    </ClInclude>
    <ClInclude Include="Lost\GL\Mesh\StaticMesh.h">
      <Filter>Header Files</Filter>
    </ClInclude>
    <ClInclude Include="Lost\GL\Texture\Material.h">
      <Filter>Header Files</Filter>
    </ClInclude>
    <ClInclude Include="Lost\GL\ResourceManagers\GLResourceManagers.h">
      <Filter>Header Files</Filter>
    </ClInclude>
    <ClInclude Include="Lost\GL\Shaders\ShaderCode.h">
      <Filter>Header Files</Filter>
    </ClInclude>
    <ClInclude Include="Lost\GL\Camera.h">
      <Filter>Header Files</Filter>
    </ClInclude>
    <ClInclude Include="Lost\DeltaTime.h">
      <Filter>Header Files</Filter>
    </ClInclude>
    <ClInclude Include="Lost\GL\Text\Text.h">
      <Filter>Header Files</Filter>
    </ClInclude>
    <ClInclude Include="Lost\GL\STB\STBImplementation.h">
      <Filter>Header Files</Filter>
    </ClInclude>
    <ClInclude Include="Lost\lostImGui.h">
      <Filter>Header Files</Filter>
    </ClInclude>
    <ClInclude Include="Lost\imgui\imconfig.h">
      <Filter>Header Files</Filter>
    </ClInclude>
    <ClInclude Include="Lost\imgui\imgui.h">
      <Filter>Header Files</Filter>
    </ClInclude>
    <ClInclude Include="Lost\imgui\imgui_impl_glfw.h">
      <Filter>Header Files</Filter>
    </ClInclude>
    <ClInclude Include="Lost\imgui\imgui_impl_opengl3.h">
      <Filter>Header Files</Filter>
    </ClInclude>
    <ClInclude Include="Lost\imgui\imgui_impl_opengl3_loader.h">
      <Filter>Header Files</Filter>
    </ClInclude>
    <ClInclude Include="Lost\imgui\imgui_internal.h">
      <Filter>Header Files</Filter>
    </ClInclude>
    <ClInclude Include="Lost\imgui\imstb_rectpack.h">
      <Filter>Header Files</Filter>
    </ClInclude>
    <ClInclude Include="Lost\imgui\imstb_textedit.h">
      <Filter>Header Files</Filter>
    </ClInclude>
    <ClInclude Include="Lost\imgui\imstb_truetype.h">
      <Filter>Header Files</Filter>
    </ClInclude>
    <ClInclude Include="Lost\Input\Input.h">
      <Filter>Header Files</Filter>
    </ClInclude>
    <ClInclude Include="Lost\GL\Shaders\PostProcessingShader.h">
      <Filter>Header Files</Filter>
    </ClInclude>
    <ClInclude Include="Lost\Audio\Audio.h">
      <Filter>Header Files</Filter>
    </ClInclude>
    <ClInclude Include="Lost\Audio\External\RtAudio.h">
      <Filter>Header Files</Filter>
    </ClInclude>
    <ClInclude Include="Lost\Audio\Effects.h">
      <Filter>Header Files</Filter>
    </ClInclude>
    <ClInclude Include="Lost\Audio\ThreadSafeTemplate.h">
      <Filter>Header Files</Filter>
    </ClInclude>
    <ClInclude Include="Lost\Audio\ResourceManagers\AudioResourceManagers.h">
      <Filter>Header Files</Filter>
    </ClInclude>
    <ClInclude Include="Lost\Audio\Sounds.h">
      <Filter>Header Files</Filter>
    </ClInclude>
  </ItemGroup>
  <ItemGroup>
    <None Include="packages.config" />
    <None Include="Lost\ResourceManager.h" />
    <None Include="Lost\GL\External\freetype.dll" />
    <None Include="Lost\GL\External\freetyped.dll" />
  </ItemGroup>
</Project>